
Microsoft Visual Studio Solution File, Format Version 12.00
# Visual Studio Version 16
VisualStudioVersion = 16.0.31911.196
MinimumVisualStudioVersion = 10.0.40219.1
Project("{9A19103F-16F7-4668-BE54-9A1E7A4F7556}") = "Departments.Api", "Departments.Api\Departments.Api.csproj", "{7371FD2F-6562-461F-B6C8-39E5FAB8B007}"
EndProject
Project("{9A19103F-16F7-4668-BE54-9A1E7A4F7556}") = "Departments.Core", "Departments.Core\Departments.Core.csproj", "{B45AD0B5-7689-45EC-8D38-69A012DFAE77}"
EndProject
Project("{9A19103F-16F7-4668-BE54-9A1E7A4F7556}") = "Departments.DAL.EFCore", "Departments.DAL.EFCore\Departments.DAL.EFCore.csproj", "{06ACA172-CFFD-4200-87BD-318630F6B61C}"
EndProject
Project("{FAE04EC0-301F-11D3-BF4B-00C04F79EFBC}") = "DepartamentoApp", "DepartamentoApp\DepartamentoApp.csproj", "{3C2ACEC7-BAE9-4E7C-B036-23058BF42643}"
EndProject
Global
	GlobalSection(SolutionConfigurationPlatforms) = preSolution
		Debug|Any CPU = Debug|Any CPU
		Release|Any CPU = Release|Any CPU
	EndGlobalSection
	GlobalSection(ProjectConfigurationPlatforms) = postSolution
		{7371FD2F-6562-461F-B6C8-39E5FAB8B007}.Debug|Any CPU.ActiveCfg = Debug|Any CPU
		{7371FD2F-6562-461F-B6C8-39E5FAB8B007}.Debug|Any CPU.Build.0 = Debug|Any CPU
		{7371FD2F-6562-461F-B6C8-39E5FAB8B007}.Release|Any CPU.ActiveCfg = Release|Any CPU
		{7371FD2F-6562-461F-B6C8-39E5FAB8B007}.Release|Any CPU.Build.0 = Release|Any CPU
		{B45AD0B5-7689-45EC-8D38-69A012DFAE77}.Debug|Any CPU.ActiveCfg = Debug|Any CPU
		{B45AD0B5-7689-45EC-8D38-69A012DFAE77}.Debug|Any CPU.Build.0 = Debug|Any CPU
		{B45AD0B5-7689-45EC-8D38-69A012DFAE77}.Release|Any CPU.ActiveCfg = Release|Any CPU
		{B45AD0B5-7689-45EC-8D38-69A012DFAE77}.Release|Any CPU.Build.0 = Release|Any CPU
		{06ACA172-CFFD-4200-87BD-318630F6B61C}.Debug|Any CPU.ActiveCfg = Debug|Any CPU
		{06ACA172-CFFD-4200-87BD-318630F6B61C}.Debug|Any CPU.Build.0 = Debug|Any CPU
		{06ACA172-CFFD-4200-87BD-318630F6B61C}.Release|Any CPU.ActiveCfg = Release|Any CPU
		{06ACA172-CFFD-4200-87BD-318630F6B61C}.Release|Any CPU.Build.0 = Release|Any CPU
		{3C2ACEC7-BAE9-4E7C-B036-23058BF42643}.Debug|Any CPU.ActiveCfg = Debug|Any CPU
		{3C2ACEC7-BAE9-4E7C-B036-23058BF42643}.Debug|Any CPU.Build.0 = Debug|Any CPU
		{3C2ACEC7-BAE9-4E7C-B036-23058BF42643}.Release|Any CPU.ActiveCfg = Release|Any CPU
		{3C2ACEC7-BAE9-4E7C-B036-23058BF42643}.Release|Any CPU.Build.0 = Release|Any CPU
	EndGlobalSection
	GlobalSection(SolutionProperties) = preSolution
		HideSolutionNode = FALSE
	EndGlobalSection
	GlobalSection(ExtensibilityGlobals) = postSolution
		SolutionGuid = {8346C34D-050C-48D9-A70B-C72A1CD8513B}
	EndGlobalSection
EndGlobal
